
Microsoft Visual Studio Solution File, Format Version 12.00
# Visual Studio Version 16
VisualStudioVersion = 16.0.30523.41
MinimumVisualStudioVersion = 10.0.40219.1
Project("{FAE04EC0-301F-11D3-BF4B-00C04F79EFBC}") = "MyWeb", "MyWeb\MyWeb.csproj", "{C51BB416-9812-4C48-AAF9-0B2204D64589}"
EndProject
Global
	GlobalSection(SolutionConfigurationPlatforms) = preSolution
		Debug|Any CPU = Debug|Any CPU
		Release|Any CPU = Release|Any CPU
	EndGlobalSection
	GlobalSection(ProjectConfigurationPlatforms) = postSolution
		{C51BB416-9812-4C48-AAF9-0B2204D64589}.Debug|Any CPU.ActiveCfg = Debug|Any CPU
		{C51BB416-9812-4C48-AAF9-0B2204D64589}.Debug|Any CPU.Build.0 = Debug|Any CPU
		{C51BB416-9812-4C48-AAF9-0B2204D64589}.Release|Any CPU.ActiveCfg = Release|Any CPU
		{C51BB416-9812-4C48-AAF9-0B2204D64589}.Release|Any CPU.Build.0 = Release|Any CPU
	EndGlobalSection
	GlobalSection(SolutionProperties) = preSolution
		HideSolutionNode = FALSE
	EndGlobalSection
	GlobalSection(ExtensibilityGlobals) = postSolution
		SolutionGuid = {047D49A7-E9B6-440B-9C5E-490AFFF74042}
	EndGlobalSection
EndGlobal
