
Microsoft Visual Studio Solution File, Format Version 12.00
# Visual Studio Version 16
VisualStudioVersion = 16.0.30523.41
MinimumVisualStudioVersion = 10.0.40219.1
Project("{FAE04EC0-301F-11D3-BF4B-00C04F79EFBC}") = "MyWeb", "MyWeb\MyWeb.csproj", "{EA2686EE-C9C3-41E1-98EB-FF0E169B738B}"
EndProject
Global
	GlobalSection(SolutionConfigurationPlatforms) = preSolution
		Debug|Any CPU = Debug|Any CPU
		Release|Any CPU = Release|Any CPU
	EndGlobalSection
	GlobalSection(ProjectConfigurationPlatforms) = postSolution
		{EA2686EE-C9C3-41E1-98EB-FF0E169B738B}.Debug|Any CPU.ActiveCfg = Debug|Any CPU
		{EA2686EE-C9C3-41E1-98EB-FF0E169B738B}.Debug|Any CPU.Build.0 = Debug|Any CPU
		{EA2686EE-C9C3-41E1-98EB-FF0E169B738B}.Release|Any CPU.ActiveCfg = Release|Any CPU
		{EA2686EE-C9C3-41E1-98EB-FF0E169B738B}.Release|Any CPU.Build.0 = Release|Any CPU
	EndGlobalSection
	GlobalSection(SolutionProperties) = preSolution
		HideSolutionNode = FALSE
	EndGlobalSection
	GlobalSection(ExtensibilityGlobals) = postSolution
		SolutionGuid = {87E850E7-6476-4A78-8E81-7A397824C169}
	EndGlobalSection
EndGlobal
