
Microsoft Visual Studio Solution File, Format Version 12.00
# Visual Studio Version 16
VisualStudioVersion = 16.0.30528.6
MinimumVisualStudioVersion = 10.0.40219.1
Project("{FAE04EC0-301F-11D3-BF4B-00C04F79EFBC}") = "MyBlazor", "MyBlazor\MyBlazor.csproj", "{995A948E-39F8-463B-BB7E-86993A940A1D}"
EndProject
Global
	GlobalSection(SolutionConfigurationPlatforms) = preSolution
		Debug|Any CPU = Debug|Any CPU
		Release|Any CPU = Release|Any CPU
	EndGlobalSection
	GlobalSection(ProjectConfigurationPlatforms) = postSolution
		{995A948E-39F8-463B-BB7E-86993A940A1D}.Debug|Any CPU.ActiveCfg = Debug|Any CPU
		{995A948E-39F8-463B-BB7E-86993A940A1D}.Debug|Any CPU.Build.0 = Debug|Any CPU
		{995A948E-39F8-463B-BB7E-86993A940A1D}.Release|Any CPU.ActiveCfg = Release|Any CPU
		{995A948E-39F8-463B-BB7E-86993A940A1D}.Release|Any CPU.Build.0 = Release|Any CPU
	EndGlobalSection
	GlobalSection(SolutionProperties) = preSolution
		HideSolutionNode = FALSE
	EndGlobalSection
	GlobalSection(ExtensibilityGlobals) = postSolution
		SolutionGuid = {2C9CD985-85DD-4BCB-9C43-5C3EC5D3CC62}
	EndGlobalSection
EndGlobal
