
Microsoft Visual Studio Solution File, Format Version 12.00
# Visual Studio Version 16
VisualStudioVersion = 16.0.30528.6
MinimumVisualStudioVersion = 10.0.40219.1
Project("{FAE04EC0-301F-11D3-BF4B-00C04F79EFBC}") = "MyBlazor", "MyBlazor\MyBlazor.csproj", "{18A85EA0-BEAB-4817-9A25-15B2B53DC816}"
EndProject
Global
	GlobalSection(SolutionConfigurationPlatforms) = preSolution
		Debug|Any CPU = Debug|Any CPU
		Release|Any CPU = Release|Any CPU
	EndGlobalSection
	GlobalSection(ProjectConfigurationPlatforms) = postSolution
		{18A85EA0-BEAB-4817-9A25-15B2B53DC816}.Debug|Any CPU.ActiveCfg = Debug|Any CPU
		{18A85EA0-BEAB-4817-9A25-15B2B53DC816}.Debug|Any CPU.Build.0 = Debug|Any CPU
		{18A85EA0-BEAB-4817-9A25-15B2B53DC816}.Release|Any CPU.ActiveCfg = Release|Any CPU
		{18A85EA0-BEAB-4817-9A25-15B2B53DC816}.Release|Any CPU.Build.0 = Release|Any CPU
	EndGlobalSection
	GlobalSection(SolutionProperties) = preSolution
		HideSolutionNode = FALSE
	EndGlobalSection
	GlobalSection(ExtensibilityGlobals) = postSolution
		SolutionGuid = {BA2469BE-2D50-4105-BC33-2D6CD1BA7C3B}
	EndGlobalSection
EndGlobal
