
Microsoft Visual Studio Solution File, Format Version 12.00
# Visual Studio Version 16
VisualStudioVersion = 16.0.30524.16
MinimumVisualStudioVersion = 10.0.40219.1
Project("{FAE04EC0-301F-11D3-BF4B-00C04F79EFBC}") = "MyApi", "MyApi\MyApi.csproj", "{0773AC89-F4BE-42FA-987B-BD9C23E9437A}"
EndProject
Global
	GlobalSection(SolutionConfigurationPlatforms) = preSolution
		Debug|Any CPU = Debug|Any CPU
		Release|Any CPU = Release|Any CPU
	EndGlobalSection
	GlobalSection(ProjectConfigurationPlatforms) = postSolution
		{0773AC89-F4BE-42FA-987B-BD9C23E9437A}.Debug|Any CPU.ActiveCfg = Debug|Any CPU
		{0773AC89-F4BE-42FA-987B-BD9C23E9437A}.Debug|Any CPU.Build.0 = Debug|Any CPU
		{0773AC89-F4BE-42FA-987B-BD9C23E9437A}.Release|Any CPU.ActiveCfg = Release|Any CPU
		{0773AC89-F4BE-42FA-987B-BD9C23E9437A}.Release|Any CPU.Build.0 = Release|Any CPU
	EndGlobalSection
	GlobalSection(SolutionProperties) = preSolution
		HideSolutionNode = FALSE
	EndGlobalSection
	GlobalSection(ExtensibilityGlobals) = postSolution
		SolutionGuid = {D5AFB068-9C43-4DF5-92AD-CA14DE47D258}
	EndGlobalSection
EndGlobal
